// !$*UTF8*$!
{
	archiveVersion = 1;
	classes = {
	};
	objectVersion = 55;
	objects = {

/* Begin PBXBuildFile section */
		7FC2274528110F0D00FCD302 /* diceApp.swift in Sources */ = {isa = PBXBuildFile; fileRef = 7FC2274428110F0D00FCD302 /* diceApp.swift */; };
		7FC2274728110F0D00FCD302 /* ContentView.swift in Sources */ = {isa = PBXBuildFile; fileRef = 7FC2274628110F0D00FCD302 /* ContentView.swift */; };
		7FC2274928110F1000FCD302 /* Assets.xcassets in Resources */ = {isa = PBXBuildFile; fileRef = 7FC2274828110F1000FCD302 /* Assets.xcassets */; };
		7FC2274C28110F1000FCD302 /* Preview Assets.xcassets in Resources */ = {isa = PBXBuildFile; fileRef = 7FC2274B28110F1000FCD302 /* Preview Assets.xcassets */; };
		7FC2275628110F1000FCD302 /* diceTests.swift in Sources */ = {isa = PBXBuildFile; fileRef = 7FC2275528110F1000FCD302 /* diceTests.swift */; };
		7FC2276028110F1000FCD302 /* diceUITests.swift in Sources */ = {isa = PBXBuildFile; fileRef = 7FC2275F28110F1000FCD302 /* diceUITests.swift */; };
		7FC2276228110F1000FCD302 /* diceUITestsLaunchTests.swift in Sources */ = {isa = PBXBuildFile; fileRef = 7FC2276128110F1000FCD302 /* diceUITestsLaunchTests.swift */; };
		7FC2276F281120B100FCD302 /* VListView.swift in Sources */ = {isa = PBXBuildFile; fileRef = 7FC2276E281120B100FCD302 /* VListView.swift */; };
		7FE2AE6E28126ADE0026AA24 /* Video.swift in Sources */ = {isa = PBXBuildFile; fileRef = 7FE2AE6D28126ADE0026AA24 /* Video.swift */; };
		7FE2AE702812711F0026AA24 /* DetailView.swift in Sources */ = {isa = PBXBuildFile; fileRef = 7FE2AE6F2812711F0026AA24 /* DetailView.swift */; };
		7FE2AE7228127FDF0026AA24 /* AccountForm.swift in Sources */ = {isa = PBXBuildFile; fileRef = 7FE2AE7128127FDF0026AA24 /* AccountForm.swift */; };
/* End PBXBuildFile section */

/* Begin PBXContainerItemProxy section */
		7FC2275228110F1000FCD302 /* PBXContainerItemProxy */ = {
			isa = PBXContainerItemProxy;
			containerPortal = 7FC2273928110F0D00FCD302 /* Project object */;
			proxyType = 1;
			remoteGlobalIDString = 7FC2274028110F0D00FCD302;
			remoteInfo = dice;
		};
		7FC2275C28110F1000FCD302 /* PBXContainerItemProxy */ = {
			isa = PBXContainerItemProxy;
			containerPortal = 7FC2273928110F0D00FCD302 /* Project object */;
			proxyType = 1;
			remoteGlobalIDString = 7FC2274028110F0D00FCD302;
			remoteInfo = dice;
		};
/* End PBXContainerItemProxy section */

/* Begin PBXFileReference section */
		7FC2274128110F0D00FCD302 /* dice.app */ = {isa = PBXFileReference; explicitFileType = wrapper.application; includeInIndex = 0; path = dice.app; sourceTree = BUILT_PRODUCTS_DIR; };
		7FC2274428110F0D00FCD302 /* diceApp.swift */ = {isa = PBXFileReference; lastKnownFileType = sourcecode.swift; path = diceApp.swift; sourceTree = "<group>"; };
		7FC2274628110F0D00FCD302 /* ContentView.swift */ = {isa = PBXFileReference; lastKnownFileType = sourcecode.swift; path = ContentView.swift; sourceTree = "<group>"; };
		7FC2274828110F1000FCD302 /* Assets.xcassets */ = {isa = PBXFileReference; lastKnownFileType = folder.assetcatalog; path = Assets.xcassets; sourceTree = "<group>"; };
		7FC2274B28110F1000FCD302 /* Preview Assets.xcassets */ = {isa = PBXFileReference; lastKnownFileType = folder.assetcatalog; path = "Preview Assets.xcassets"; sourceTree = "<group>"; };
		7FC2275128110F1000FCD302 /* diceTests.xctest */ = {isa = PBXFileReference; explicitFileType = wrapper.cfbundle; includeInIndex = 0; path = diceTests.xctest; sourceTree = BUILT_PRODUCTS_DIR; };
		7FC2275528110F1000FCD302 /* diceTests.swift */ = {isa = PBXFileReference; lastKnownFileType = sourcecode.swift; path = diceTests.swift; sourceTree = "<group>"; };
		7FC2275B28110F1000FCD302 /* diceUITests.xctest */ = {isa = PBXFileReference; explicitFileType = wrapper.cfbundle; includeInIndex = 0; path = diceUITests.xctest; sourceTree = BUILT_PRODUCTS_DIR; };
		7FC2275F28110F1000FCD302 /* diceUITests.swift */ = {isa = PBXFileReference; lastKnownFileType = sourcecode.swift; path = diceUITests.swift; sourceTree = "<group>"; };
		7FC2276128110F1000FCD302 /* diceUITestsLaunchTests.swift */ = {isa = PBXFileReference; lastKnownFileType = sourcecode.swift; path = diceUITestsLaunchTests.swift; sourceTree = "<group>"; };
		7FC2276E281120B100FCD302 /* VListView.swift */ = {isa = PBXFileReference; lastKnownFileType = sourcecode.swift; path = VListView.swift; sourceTree = "<group>"; };
		7FC227AE2811836F00FCD302 /* dice.entitlements */ = {isa = PBXFileReference; lastKnownFileType = text.plist.entitlements; path = dice.entitlements; sourceTree = "<group>"; };
		7FE2AE6D28126ADE0026AA24 /* Video.swift */ = {isa = PBXFileReference; lastKnownFileType = sourcecode.swift; path = Video.swift; sourceTree = "<group>"; };
		7FE2AE6F2812711F0026AA24 /* DetailView.swift */ = {isa = PBXFileReference; lastKnownFileType = sourcecode.swift; path = DetailView.swift; sourceTree = "<group>"; };
		7FE2AE7128127FDF0026AA24 /* AccountForm.swift */ = {isa = PBXFileReference; lastKnownFileType = sourcecode.swift; path = AccountForm.swift; sourceTree = "<group>"; };
/* End PBXFileReference section */

/* Begin PBXFrameworksBuildPhase section */
		7FC2273E28110F0D00FCD302 /* Frameworks */ = {
			isa = PBXFrameworksBuildPhase;
			buildActionMask = 2147483647;
			files = (
			);
			runOnlyForDeploymentPostprocessing = 0;
		};
		7FC2274E28110F1000FCD302 /* Frameworks */ = {
			isa = PBXFrameworksBuildPhase;
			buildActionMask = 2147483647;
			files = (
			);
			runOnlyForDeploymentPostprocessing = 0;
		};
		7FC2275828110F1000FCD302 /* Frameworks */ = {
			isa = PBXFrameworksBuildPhase;
			buildActionMask = 2147483647;
			files = (
			);
			runOnlyForDeploymentPostprocessing = 0;
		};
/* End PBXFrameworksBuildPhase section */

/* Begin PBXGroup section */
		7FC2273828110F0D00FCD302 = {
			isa = PBXGroup;
			children = (
				7FC2274328110F0D00FCD302 /* dice */,
				7FC2275428110F1000FCD302 /* diceTests */,
				7FC2275E28110F1000FCD302 /* diceUITests */,
				7FC2274228110F0D00FCD302 /* Products */,
			);
			sourceTree = "<group>";
		};
		7FC2274228110F0D00FCD302 /* Products */ = {
			isa = PBXGroup;
			children = (
				7FC2274128110F0D00FCD302 /* dice.app */,
				7FC2275128110F1000FCD302 /* diceTests.xctest */,
				7FC2275B28110F1000FCD302 /* diceUITests.xctest */,
			);
			name = Products;
			sourceTree = "<group>";
		};
		7FC2274328110F0D00FCD302 /* dice */ = {
			isa = PBXGroup;
			children = (
				7FC227AE2811836F00FCD302 /* dice.entitlements */,
				7FC2274428110F0D00FCD302 /* diceApp.swift */,
				7FC2274628110F0D00FCD302 /* ContentView.swift */,
				7FC2276E281120B100FCD302 /* VListView.swift */,
				7FC2274828110F1000FCD302 /* Assets.xcassets */,
				7FC2274A28110F1000FCD302 /* Preview Content */,
				7FE2AE6D28126ADE0026AA24 /* Video.swift */,
				7FE2AE6F2812711F0026AA24 /* DetailView.swift */,
				7FE2AE7128127FDF0026AA24 /* AccountForm.swift */,
			);
			path = dice;
			sourceTree = "<group>";
		};
		7FC2274A28110F1000FCD302 /* Preview Content */ = {
			isa = PBXGroup;
			children = (
				7FC2274B28110F1000FCD302 /* Preview Assets.xcassets */,
			);
			path = "Preview Content";
			sourceTree = "<group>";
		};
		7FC2275428110F1000FCD302 /* diceTests */ = {
			isa = PBXGroup;
			children = (
				7FC2275528110F1000FCD302 /* diceTests.swift */,
			);
			path = diceTests;
			sourceTree = "<group>";
		};
		7FC2275E28110F1000FCD302 /* diceUITests */ = {
			isa = PBXGroup;
			children = (
				7FC2275F28110F1000FCD302 /* diceUITests.swift */,
				7FC2276128110F1000FCD302 /* diceUITestsLaunchTests.swift */,
			);
			path = diceUITests;
			sourceTree = "<group>";
		};
/* End PBXGroup section */

/* Begin PBXNativeTarget section */
		7FC2274028110F0D00FCD302 /* dice */ = {
			isa = PBXNativeTarget;
			buildConfigurationList = 7FC2276528110F1000FCD302 /* Build configuration list for PBXNativeTarget "dice" */;
			buildPhases = (
				7FC2273D28110F0D00FCD302 /* Sources */,
				7FC2273E28110F0D00FCD302 /* Frameworks */,
				7FC2273F28110F0D00FCD302 /* Resources */,
			);
			buildRules = (
			);
			dependencies = (
			);
			name = dice;
			productName = dice;
			productReference = 7FC2274128110F0D00FCD302 /* dice.app */;
			productType = "com.apple.product-type.application";
		};
		7FC2275028110F1000FCD302 /* diceTests */ = {
			isa = PBXNativeTarget;
			buildConfigurationList = 7FC2276828110F1000FCD302 /* Build configuration list for PBXNativeTarget "diceTests" */;
			buildPhases = (
				7FC2274D28110F1000FCD302 /* Sources */,
				7FC2274E28110F1000FCD302 /* Frameworks */,
				7FC2274F28110F1000FCD302 /* Resources */,
			);
			buildRules = (
			);
			dependencies = (
				7FC2275328110F1000FCD302 /* PBXTargetDependency */,
			);
			name = diceTests;
			productName = diceTests;
			productReference = 7FC2275128110F1000FCD302 /* diceTests.xctest */;
			productType = "com.apple.product-type.bundle.unit-test";
		};
		7FC2275A28110F1000FCD302 /* diceUITests */ = {
			isa = PBXNativeTarget;
			buildConfigurationList = 7FC2276B28110F1000FCD302 /* Build configuration list for PBXNativeTarget "diceUITests" */;
			buildPhases = (
				7FC2275728110F1000FCD302 /* Sources */,
				7FC2275828110F1000FCD302 /* Frameworks */,
				7FC2275928110F1000FCD302 /* Resources */,
			);
			buildRules = (
			);
			dependencies = (
				7FC2275D28110F1000FCD302 /* PBXTargetDependency */,
			);
			name = diceUITests;
			productName = diceUITests;
			productReference = 7FC2275B28110F1000FCD302 /* diceUITests.xctest */;
			productType = "com.apple.product-type.bundle.ui-testing";
		};
/* End PBXNativeTarget section */

/* Begin PBXProject section */
		7FC2273928110F0D00FCD302 /* Project object */ = {
			isa = PBXProject;
			attributes = {
				BuildIndependentTargetsInParallel = 1;
				LastSwiftUpdateCheck = 1320;
				LastUpgradeCheck = 1320;
				TargetAttributes = {
					7FC2274028110F0D00FCD302 = {
						CreatedOnToolsVersion = 13.2.1;
					};
					7FC2275028110F1000FCD302 = {
						CreatedOnToolsVersion = 13.2.1;
						TestTargetID = 7FC2274028110F0D00FCD302;
					};
					7FC2275A28110F1000FCD302 = {
						CreatedOnToolsVersion = 13.2.1;
						TestTargetID = 7FC2274028110F0D00FCD302;
					};
				};
			};
			buildConfigurationList = 7FC2273C28110F0D00FCD302 /* Build configuration list for PBXProject "dice" */;
			compatibilityVersion = "Xcode 13.0";
			developmentRegion = en;
			hasScannedForEncodings = 0;
			knownRegions = (
				en,
				Base,
			);
			mainGroup = 7FC2273828110F0D00FCD302;
			productRefGroup = 7FC2274228110F0D00FCD302 /* Products */;
			projectDirPath = "";
			projectRoot = "";
			targets = (
				7FC2274028110F0D00FCD302 /* dice */,
				7FC2275028110F1000FCD302 /* diceTests */,
				7FC2275A28110F1000FCD302 /* diceUITests */,
			);
		};
/* End PBXProject section */

/* Begin PBXResourcesBuildPhase section */
		7FC2273F28110F0D00FCD302 /* Resources */ = {
			isa = PBXResourcesBuildPhase;
			buildActionMask = 2147483647;
			files = (
				7FC2274C28110F1000FCD302 /* Preview Assets.xcassets in Resources */,
				7FC2274928110F1000FCD302 /* Assets.xcassets in Resources */,
			);
			runOnlyForDeploymentPostprocessing = 0;
		};
		7FC2274F28110F1000FCD302 /* Resources */ = {
			isa = PBXResourcesBuildPhase;
			buildActionMask = 2147483647;
			files = (
			);
			runOnlyForDeploymentPostprocessing = 0;
		};
		7FC2275928110F1000FCD302 /* Resources */ = {
			isa = PBXResourcesBuildPhase;
			buildActionMask = 2147483647;
			files = (
			);
			runOnlyForDeploymentPostprocessing = 0;
		};
/* End PBXResourcesBuildPhase section */

/* Begin PBXSourcesBuildPhase section */
		7FC2273D28110F0D00FCD302 /* Sources */ = {
			isa = PBXSourcesBuildPhase;
			buildActionMask = 2147483647;
			files = (
				7FC2274728110F0D00FCD302 /* ContentView.swift in Sources */,
				7FE2AE702812711F0026AA24 /* DetailView.swift in Sources */,
				7FC2276F281120B100FCD302 /* VListView.swift in Sources */,
				7FE2AE7228127FDF0026AA24 /* AccountForm.swift in Sources */,
				7FC2274528110F0D00FCD302 /* diceApp.swift in Sources */,
				7FE2AE6E28126ADE0026AA24 /* Video.swift in Sources */,
			);
			runOnlyForDeploymentPostprocessing = 0;
		};
		7FC2274D28110F1000FCD302 /* Sources */ = {
			isa = PBXSourcesBuildPhase;
			buildActionMask = 2147483647;
			files = (
				7FC2275628110F1000FCD302 /* diceTests.swift in Sources */,
			);
			runOnlyForDeploymentPostprocessing = 0;
		};
		7FC2275728110F1000FCD302 /* Sources */ = {
			isa = PBXSourcesBuildPhase;
			buildActionMask = 2147483647;
			files = (
				7FC2276028110F1000FCD302 /* diceUITests.swift in Sources */,
				7FC2276228110F1000FCD302 /* diceUITestsLaunchTests.swift in Sources */,
			);
			runOnlyForDeploymentPostprocessing = 0;
		};
/* End PBXSourcesBuildPhase section */

/* Begin PBXTargetDependency section */
		7FC2275328110F1000FCD302 /* PBXTargetDependency */ = {
			isa = PBXTargetDependency;
			target = 7FC2274028110F0D00FCD302 /* dice */;
			targetProxy = 7FC2275228110F1000FCD302 /* PBXContainerItemProxy */;
		};
		7FC2275D28110F1000FCD302 /* PBXTargetDependency */ = {
			isa = PBXTargetDependency;
			target = 7FC2274028110F0D00FCD302 /* dice */;
			targetProxy = 7FC2275C28110F1000FCD302 /* PBXContainerItemProxy */;
		};
/* End PBXTargetDependency section */

/* Begin XCBuildConfiguration section */
		7FC2276328110F1000FCD302 /* Debug */ = {
			isa = XCBuildConfiguration;
			buildSettings = {
				ALWAYS_SEARCH_USER_PATHS = NO;
				CLANG_ANALYZER_NONNULL = YES;
				CLANG_ANALYZER_NUMBER_OBJECT_CONVERSION = YES_AGGRESSIVE;
				CLANG_CXX_LANGUAGE_STANDARD = "gnu++17";
				CLANG_CXX_LIBRARY = "libc++";
				CLANG_ENABLE_MODULES = YES;
				CLANG_ENABLE_OBJC_ARC = YES;
				CLANG_ENABLE_OBJC_WEAK = YES;
				CLANG_WARN_BLOCK_CAPTURE_AUTORELEASING = YES;
				CLANG_WARN_BOOL_CONVERSION = YES;
				CLANG_WARN_COMMA = YES;
				CLANG_WARN_CONSTANT_CONVERSION = YES;
				CLANG_WARN_DEPRECATED_OBJC_IMPLEMENTATIONS = YES;
				CLANG_WARN_DIRECT_OBJC_ISA_USAGE = YES_ERROR;
				CLANG_WARN_DOCUMENTATION_COMMENTS = YES;
				CLANG_WARN_EMPTY_BODY = YES;
				CLANG_WARN_ENUM_CONVERSION = YES;
				CLANG_WARN_INFINITE_RECURSION = YES;
				CLANG_WARN_INT_CONVERSION = YES;
				CLANG_WARN_NON_LITERAL_NULL_CONVERSION = YES;
				CLANG_WARN_OBJC_IMPLICIT_RETAIN_SELF = YES;
				CLANG_WARN_OBJC_LITERAL_CONVERSION = YES;
				CLANG_WARN_OBJC_ROOT_CLASS = YES_ERROR;
				CLANG_WARN_QUOTED_INCLUDE_IN_FRAMEWORK_HEADER = YES;
				CLANG_WARN_RANGE_LOOP_ANALYSIS = YES;
				CLANG_WARN_STRICT_PROTOTYPES = YES;
				CLANG_WARN_SUSPICIOUS_MOVE = YES;
				CLANG_WARN_UNGUARDED_AVAILABILITY = YES_AGGRESSIVE;
				CLANG_WARN_UNREACHABLE_CODE = YES;
				CLANG_WARN__DUPLICATE_METHOD_MATCH = YES;
				COPY_PHASE_STRIP = NO;
				DEBUG_INFORMATION_FORMAT = dwarf;
				ENABLE_STRICT_OBJC_MSGSEND = YES;
				ENABLE_TESTABILITY = YES;
				GCC_C_LANGUAGE_STANDARD = gnu11;
				GCC_DYNAMIC_NO_PIC = NO;
				GCC_NO_COMMON_BLOCKS = YES;
				GCC_OPTIMIZATION_LEVEL = 0;
				GCC_PREPROCESSOR_DEFINITIONS = (
					"DEBUG=1",
					"$(inherited)",
				);
				GCC_WARN_64_TO_32_BIT_CONVERSION = YES;
				GCC_WARN_ABOUT_RETURN_TYPE = YES_ERROR;
				GCC_WARN_UNDECLARED_SELECTOR = YES;
				GCC_WARN_UNINITIALIZED_AUTOS = YES_AGGRESSIVE;
				GCC_WARN_UNUSED_FUNCTION = YES;
				GCC_WARN_UNUSED_VARIABLE = YES;
				IPHONEOS_DEPLOYMENT_TARGET = 15.2;
				MTL_ENABLE_DEBUG_INFO = INCLUDE_SOURCE;
				MTL_FAST_MATH = YES;
				ONLY_ACTIVE_ARCH = YES;
				SDKROOT = iphoneos;
				SWIFT_ACTIVE_COMPILATION_CONDITIONS = DEBUG;
				SWIFT_OPTIMIZATION_LEVEL = "-Onone";
			};
			name = Debug;
		};
		7FC2276428110F1000FCD302 /* Release */ = {
			isa = XCBuildConfiguration;
			buildSettings = {
				ALWAYS_SEARCH_USER_PATHS = NO;
				CLANG_ANALYZER_NONNULL = YES;
				CLANG_ANALYZER_NUMBER_OBJECT_CONVERSION = YES_AGGRESSIVE;
				CLANG_CXX_LANGUAGE_STANDARD = "gnu++17";
				CLANG_CXX_LIBRARY = "libc++";
				CLANG_ENABLE_MODULES = YES;
				CLANG_ENABLE_OBJC_ARC = YES;
				CLANG_ENABLE_OBJC_WEAK = YES;
				CLANG_WARN_BLOCK_CAPTURE_AUTORELEASING = YES;
				CLANG_WARN_BOOL_CONVERSION = YES;
				CLANG_WARN_COMMA = YES;
				CLANG_WARN_CONSTANT_CONVERSION = YES;
				CLANG_WARN_DEPRECATED_OBJC_IMPLEMENTATIONS = YES;
				CLANG_WARN_DIRECT_OBJC_ISA_USAGE = YES_ERROR;
				CLANG_WARN_DOCUMENTATION_COMMENTS = YES;
				CLANG_WARN_EMPTY_BODY = YES;
				CLANG_WARN_ENUM_CONVERSION = YES;
				CLANG_WARN_INFINITE_RECURSION = YES;
				CLANG_WARN_INT_CONVERSION = YES;
				CLANG_WARN_NON_LITERAL_NULL_CONVERSION = YES;
				CLANG_WARN_OBJC_IMPLICIT_RETAIN_SELF = YES;
				CLANG_WARN_OBJC_LITERAL_CONVERSION = YES;
				CLANG_WARN_OBJC_ROOT_CLASS = YES_ERROR;
				CLANG_WARN_QUOTED_INCLUDE_IN_FRAMEWORK_HEADER = YES;
				CLANG_WARN_RANGE_LOOP_ANALYSIS = YES;
				CLANG_WARN_STRICT_PROTOTYPES = YES;
				CLANG_WARN_SUSPICIOUS_MOVE = YES;
				CLANG_WARN_UNGUARDED_AVAILABILITY = YES_AGGRESSIVE;
				CLANG_WARN_UNREACHABLE_CODE = YES;
				CLANG_WARN__DUPLICATE_METHOD_MATCH = YES;
				COPY_PHASE_STRIP = NO;
				DEBUG_INFORMATION_FORMAT = "dwarf-with-dsym";
				ENABLE_NS_ASSERTIONS = NO;
				ENABLE_STRICT_OBJC_MSGSEND = YES;
				GCC_C_LANGUAGE_STANDARD = gnu11;
				GCC_NO_COMMON_BLOCKS = YES;
				GCC_WARN_64_TO_32_BIT_CONVERSION = YES;
				GCC_WARN_ABOUT_RETURN_TYPE = YES_ERROR;
				GCC_WARN_UNDECLARED_SELECTOR = YES;
				GCC_WARN_UNINITIALIZED_AUTOS = YES_AGGRESSIVE;
				GCC_WARN_UNUSED_FUNCTION = YES;
				GCC_WARN_UNUSED_VARIABLE = YES;
				IPHONEOS_DEPLOYMENT_TARGET = 15.2;
				MTL_ENABLE_DEBUG_INFO = NO;
				MTL_FAST_MATH = YES;
				SDKROOT = iphoneos;
				SWIFT_COMPILATION_MODE = wholemodule;
				SWIFT_OPTIMIZATION_LEVEL = "-O";
				VALIDATE_PRODUCT = YES;
			};
			name = Release;
		};
		7FC2276628110F1000FCD302 /* Debug */ = {
			isa = XCBuildConfiguration;
			buildSettings = {
				ASSETCATALOG_COMPILER_APPICON_NAME = AppIcon;
				ASSETCATALOG_COMPILER_GLOBAL_ACCENT_COLOR_NAME = AccentColor;
				CODE_SIGN_ENTITLEMENTS = dice/dice.entitlements;
				CODE_SIGN_STYLE = Automatic;
				CURRENT_PROJECT_VERSION = 1;
				DEVELOPMENT_ASSET_PATHS = "\"dice/Preview Content\"";
				ENABLE_PREVIEWS = YES;
				GENERATE_INFOPLIST_FILE = YES;
				INFOPLIST_KEY_UIApplicationSceneManifest_Generation = YES;
				INFOPLIST_KEY_UIApplicationSupportsIndirectInputEvents = YES;
				INFOPLIST_KEY_UILaunchScreen_Generation = YES;
				INFOPLIST_KEY_UISupportedInterfaceOrientations_iPad = "UIInterfaceOrientationPortrait UIInterfaceOrientationPortraitUpsideDown UIInterfaceOrientationLandscapeLeft UIInterfaceOrientationLandscapeRight";
				INFOPLIST_KEY_UISupportedInterfaceOrientations_iPhone = "UIInterfaceOrientationPortrait UIInterfaceOrientationLandscapeLeft UIInterfaceOrientationLandscapeRight";
				LD_RUNPATH_SEARCH_PATHS = (
					"$(inherited)",
					"@executable_path/Frameworks",
				);
				MARKETING_VERSION = 1.0;
				PRODUCT_BUNDLE_IDENTIFIER = test.dice;
				PRODUCT_NAME = "$(TARGET_NAME)";
				SUPPORTS_MACCATALYST = NO;
				SUPPORTS_MAC_DESIGNED_FOR_IPHONE_IPAD = NO;
				SWIFT_EMIT_LOC_STRINGS = YES;
				SWIFT_VERSION = 5.0;
				TARGETED_DEVICE_FAMILY = "1,2";
			};
			name = Debug;
		};
		7FC2276728110F1000FCD302 /* Release */ = {
			isa = XCBuildConfiguration;
			buildSettings = {
				ASSETCATALOG_COMPILER_APPICON_NAME = AppIcon;
				ASSETCATALOG_COMPILER_GLOBAL_ACCENT_COLOR_NAME = AccentColor;
				CODE_SIGN_ENTITLEMENTS = dice/dice.entitlements;
				CODE_SIGN_STYLE = Automatic;
				CURRENT_PROJECT_VERSION = 1;
				DEVELOPMENT_ASSET_PATHS = "\"dice/Preview Content\"";
				ENABLE_PREVIEWS = YES;
				GENERATE_INFOPLIST_FILE = YES;
				INFOPLIST_KEY_UIApplicationSceneManifest_Generation = YES;
				INFOPLIST_KEY_UIApplicationSupportsIndirectInputEvents = YES;
				INFOPLIST_KEY_UILaunchScreen_Generation = YES;
				INFOPLIST_KEY_UISupportedInterfaceOrientations_iPad = "UIInterfaceOrientationPortrait UIInterfaceOrientationPortraitUpsideDown UIInterfaceOrientationLandscapeLeft UIInterfaceOrientationLandscapeRight";
				INFOPLIST_KEY_UISupportedInterfaceOrientations_iPhone = "UIInterfaceOrientationPortrait UIInterfaceOrientationLandscapeLeft UIInterfaceOrientationLandscapeRight";
				LD_RUNPATH_SEARCH_PATHS = (
					"$(inherited)",
					"@executable_path/Frameworks",
				);
				MARKETING_VERSION = 1.0;
				PRODUCT_BUNDLE_IDENTIFIER = test.dice;
				PRODUCT_NAME = "$(TARGET_NAME)";
				SUPPORTS_MACCATALYST = NO;
				SUPPORTS_MAC_DESIGNED_FOR_IPHONE_IPAD = NO;
				SWIFT_EMIT_LOC_STRINGS = YES;
				SWIFT_VERSION = 5.0;
				TARGETED_DEVICE_FAMILY = "1,2";
			};
			name = Release;
		};
		7FC2276928110F1000FCD302 /* Debug */ = {
			isa = XCBuildConfiguration;
			buildSettings = {
				ALWAYS_EMBED_SWIFT_STANDARD_LIBRARIES = YES;
				BUNDLE_LOADER = "$(TEST_HOST)";
				CODE_SIGN_STYLE = Automatic;
				CURRENT_PROJECT_VERSION = 1;
				GENERATE_INFOPLIST_FILE = YES;
				IPHONEOS_DEPLOYMENT_TARGET = 15.2;
				MARKETING_VERSION = 1.0;
				PRODUCT_BUNDLE_IDENTIFIER = test.diceTests;
				PRODUCT_NAME = "$(TARGET_NAME)";
				SWIFT_EMIT_LOC_STRINGS = NO;
				SWIFT_VERSION = 5.0;
				TARGETED_DEVICE_FAMILY = "1,2";
				TEST_HOST = "$(BUILT_PRODUCTS_DIR)/dice.app/dice";
			};
			name = Debug;
		};
		7FC2276A28110F1000FCD302 /* Release */ = {
			isa = XCBuildConfiguration;
			buildSettings = {
				ALWAYS_EMBED_SWIFT_STANDARD_LIBRARIES = YES;
				BUNDLE_LOADER = "$(TEST_HOST)";
				CODE_SIGN_STYLE = Automatic;
				CURRENT_PROJECT_VERSION = 1;
				GENERATE_INFOPLIST_FILE = YES;
				IPHONEOS_DEPLOYMENT_TARGET = 15.2;
				MARKETING_VERSION = 1.0;
				PRODUCT_BUNDLE_IDENTIFIER = test.diceTests;
				PRODUCT_NAME = "$(TARGET_NAME)";
				SWIFT_EMIT_LOC_STRINGS = NO;
				SWIFT_VERSION = 5.0;
				TARGETED_DEVICE_FAMILY = "1,2";
				TEST_HOST = "$(BUILT_PRODUCTS_DIR)/dice.app/dice";
			};
			name = Release;
		};
		7FC2276C28110F1000FCD302 /* Debug */ = {
			isa = XCBuildConfiguration;
			buildSettings = {
				ALWAYS_EMBED_SWIFT_STANDARD_LIBRARIES = YES;
				CODE_SIGN_STYLE = Automatic;
				CURRENT_PROJECT_VERSION = 1;
				GENERATE_INFOPLIST_FILE = YES;
				MARKETING_VERSION = 1.0;
				PRODUCT_BUNDLE_IDENTIFIER = test.diceUITests;
				PRODUCT_NAME = "$(TARGET_NAME)";
				SWIFT_EMIT_LOC_STRINGS = NO;
				SWIFT_VERSION = 5.0;
				TARGETED_DEVICE_FAMILY = "1,2";
				TEST_TARGET_NAME = dice;
			};
			name = Debug;
		};
		7FC2276D28110F1000FCD302 /* Release */ = {
			isa = XCBuildConfiguration;
			buildSettings = {
				ALWAYS_EMBED_SWIFT_STANDARD_LIBRARIES = YES;
				CODE_SIGN_STYLE = Automatic;
				CURRENT_PROJECT_VERSION = 1;
				GENERATE_INFOPLIST_FILE = YES;
				MARKETING_VERSION = 1.0;
				PRODUCT_BUNDLE_IDENTIFIER = test.diceUITests;
				PRODUCT_NAME = "$(TARGET_NAME)";
				SWIFT_EMIT_LOC_STRINGS = NO;
				SWIFT_VERSION = 5.0;
				TARGETED_DEVICE_FAMILY = "1,2";
				TEST_TARGET_NAME = dice;
			};
			name = Release;
		};
/* End XCBuildConfiguration section */

/* Begin XCConfigurationList section */
		7FC2273C28110F0D00FCD302 /* Build configuration list for PBXProject "dice" */ = {
			isa = XCConfigurationList;
			buildConfigurations = (
				7FC2276328110F1000FCD302 /* Debug */,
				7FC2276428110F1000FCD302 /* Release */,
			);
			defaultConfigurationIsVisible = 0;
			defaultConfigurationName = Release;
		};
		7FC2276528110F1000FCD302 /* Build configuration list for PBXNativeTarget "dice" */ = {
			isa = XCConfigurationList;
			buildConfigurations = (
				7FC2276628110F1000FCD302 /* Debug */,
				7FC2276728110F1000FCD302 /* Release */,
			);
			defaultConfigurationIsVisible = 0;
			defaultConfigurationName = Release;
		};
		7FC2276828110F1000FCD302 /* Build configuration list for PBXNativeTarget "diceTests" */ = {
			isa = XCConfigurationList;
			buildConfigurations = (
				7FC2276928110F1000FCD302 /* Debug */,
				7FC2276A28110F1000FCD302 /* Release */,
			);
			defaultConfigurationIsVisible = 0;
			defaultConfigurationName = Release;
		};
		7FC2276B28110F1000FCD302 /* Build configuration list for PBXNativeTarget "diceUITests" */ = {
			isa = XCConfigurationList;
			buildConfigurations = (
				7FC2276C28110F1000FCD302 /* Debug */,
				7FC2276D28110F1000FCD302 /* Release */,
			);
			defaultConfigurationIsVisible = 0;
			defaultConfigurationName = Release;
		};
/* End XCConfigurationList section */
	};
	rootObject = 7FC2273928110F0D00FCD302 /* Project object */;
}
